
Microsoft Visual Studio Solution File, Format Version 9.00
# Visual Studio 2005
Project("{8BC9CEB8-8B4A-11D0-8D11-00A0C91BC942}") = "libtrace", "libtrace.vcproj", "{A6485CD6-9A90-4A57-BDC0-23AF63288486}"
EndProject
Project("{8BC9CEB8-8B4A-11D0-8D11-00A0C91BC942}") = "test-convert", "test-convert.vcproj", "{9B70AE88-2117-44E4-9FDF-8AE2B1B474C2}"
	ProjectSection(ProjectDependencies) = postProject
		{A6485CD6-9A90-4A57-BDC0-23AF63288486} = {A6485CD6-9A90-4A57-BDC0-23AF63288486}
	EndProjectSection
EndProject
Project("{8BC9CEB8-8B4A-11D0-8D11-00A0C91BC942}") = "test-format", "test-format.vcproj", "{CA7723DB-39E2-40FB-9490-A96215EB123D}"
	ProjectSection(ProjectDependencies) = postProject
		{A6485CD6-9A90-4A57-BDC0-23AF63288486} = {A6485CD6-9A90-4A57-BDC0-23AF63288486}
	EndProjectSection
EndProject
Project("{8BC9CEB8-8B4A-11D0-8D11-00A0C91BC942}") = "test-pcap-bpf", "test-pcap-bpf.vcproj", "{30DAF374-0895-49A3-BE7F-888B12DDE497}"
	ProjectSection(ProjectDependencies) = postProject
		{A6485CD6-9A90-4A57-BDC0-23AF63288486} = {A6485CD6-9A90-4A57-BDC0-23AF63288486}
	EndProjectSection
EndProject
Global
	GlobalSection(SolutionConfigurationPlatforms) = preSolution
		Debug|Win32 = Debug|Win32
		Release|Win32 = Release|Win32
	EndGlobalSection
	GlobalSection(ProjectConfigurationPlatforms) = postSolution
		{A6485CD6-9A90-4A57-BDC0-23AF63288486}.Debug|Win32.ActiveCfg = Debug|Win32
		{A6485CD6-9A90-4A57-BDC0-23AF63288486}.Debug|Win32.Build.0 = Debug|Win32
		{A6485CD6-9A90-4A57-BDC0-23AF63288486}.Release|Win32.ActiveCfg = Release|Win32
		{A6485CD6-9A90-4A57-BDC0-23AF63288486}.Release|Win32.Build.0 = Release|Win32
		{9B70AE88-2117-44E4-9FDF-8AE2B1B474C2}.Debug|Win32.ActiveCfg = Debug|Win32
		{9B70AE88-2117-44E4-9FDF-8AE2B1B474C2}.Debug|Win32.Build.0 = Debug|Win32
		{9B70AE88-2117-44E4-9FDF-8AE2B1B474C2}.Release|Win32.ActiveCfg = Release|Win32
		{9B70AE88-2117-44E4-9FDF-8AE2B1B474C2}.Release|Win32.Build.0 = Release|Win32
		{CA7723DB-39E2-40FB-9490-A96215EB123D}.Debug|Win32.ActiveCfg = Debug|Win32
		{CA7723DB-39E2-40FB-9490-A96215EB123D}.Debug|Win32.Build.0 = Debug|Win32
		{CA7723DB-39E2-40FB-9490-A96215EB123D}.Release|Win32.ActiveCfg = Release|Win32
		{CA7723DB-39E2-40FB-9490-A96215EB123D}.Release|Win32.Build.0 = Release|Win32
		{30DAF374-0895-49A3-BE7F-888B12DDE497}.Debug|Win32.ActiveCfg = Debug|Win32
		{30DAF374-0895-49A3-BE7F-888B12DDE497}.Debug|Win32.Build.0 = Debug|Win32
		{30DAF374-0895-49A3-BE7F-888B12DDE497}.Release|Win32.ActiveCfg = Release|Win32
		{30DAF374-0895-49A3-BE7F-888B12DDE497}.Release|Win32.Build.0 = Release|Win32
	EndGlobalSection
	GlobalSection(SolutionProperties) = preSolution
		HideSolutionNode = FALSE
	EndGlobalSection
EndGlobal
